// !$*UTF8*$!
{
	archiveVersion = 1;
	classes = {
	};
	objectVersion = 50;
	objects = {

/* Begin PBXBuildFile section */
		AE43199F249719420028DBF0 /* Cloud.swift in Sources */ = {isa = PBXBuildFile; fileRef = AE43199E249719420028DBF0 /* Cloud.swift */; };
		AE4319A124974A1A0028DBF0 /* Bullet.swift in Sources */ = {isa = PBXBuildFile; fileRef = AE4319A024974A1A0028DBF0 /* Bullet.swift */; };
		AEB620CD2496523D00F1489E /* Enemy.swift in Sources */ = {isa = PBXBuildFile; fileRef = AEB620CC2496523D00F1489E /* Enemy.swift */; };
		EC7263562494BEE300416B0A /* AppDelegate.swift in Sources */ = {isa = PBXBuildFile; fileRef = EC7263552494BEE300416B0A /* AppDelegate.swift */; };
		EC7263582494BEE300416B0A /* GameScene.sks in Resources */ = {isa = PBXBuildFile; fileRef = EC7263572494BEE300416B0A /* GameScene.sks */; };
		EC72635C2494BEE300416B0A /* GameScene.swift in Sources */ = {isa = PBXBuildFile; fileRef = EC72635B2494BEE300416B0A /* GameScene.swift */; };
		EC72635E2494BEE300416B0A /* GameViewController.swift in Sources */ = {isa = PBXBuildFile; fileRef = EC72635D2494BEE300416B0A /* GameViewController.swift */; };
		EC7263612494BEE300416B0A /* Main.storyboard in Resources */ = {isa = PBXBuildFile; fileRef = EC72635F2494BEE300416B0A /* Main.storyboard */; };
		EC7263632494BEE400416B0A /* Assets.xcassets in Resources */ = {isa = PBXBuildFile; fileRef = EC7263622494BEE400416B0A /* Assets.xcassets */; };
		EC7263662494BEE400416B0A /* LaunchScreen.storyboard in Resources */ = {isa = PBXBuildFile; fileRef = EC7263642494BEE400416B0A /* LaunchScreen.storyboard */; };
		EC7263712494BEE400416B0A /* gameTests.swift in Sources */ = {isa = PBXBuildFile; fileRef = EC7263702494BEE400416B0A /* gameTests.swift */; };
		EC72637C2494BEE400416B0A /* gameUITests.swift in Sources */ = {isa = PBXBuildFile; fileRef = EC72637B2494BEE400416B0A /* gameUITests.swift */; };
/* End PBXBuildFile section */

/* Begin PBXContainerItemProxy section */
		EC72636D2494BEE400416B0A /* PBXContainerItemProxy */ = {
			isa = PBXContainerItemProxy;
			containerPortal = EC72634A2494BEE300416B0A /* Project object */;
			proxyType = 1;
			remoteGlobalIDString = EC7263512494BEE300416B0A;
			remoteInfo = game;
		};
		EC7263782494BEE400416B0A /* PBXContainerItemProxy */ = {
			isa = PBXContainerItemProxy;
			containerPortal = EC72634A2494BEE300416B0A /* Project object */;
			proxyType = 1;
			remoteGlobalIDString = EC7263512494BEE300416B0A;
			remoteInfo = game;
		};
/* End PBXContainerItemProxy section */

/* Begin PBXFileReference section */
		AE43199E249719420028DBF0 /* Cloud.swift */ = {isa = PBXFileReference; lastKnownFileType = sourcecode.swift; path = Cloud.swift; sourceTree = "<group>"; };
		AE4319A024974A1A0028DBF0 /* Bullet.swift */ = {isa = PBXFileReference; lastKnownFileType = sourcecode.swift; path = Bullet.swift; sourceTree = "<group>"; };
		AEB620CC2496523D00F1489E /* Enemy.swift */ = {isa = PBXFileReference; lastKnownFileType = sourcecode.swift; path = Enemy.swift; sourceTree = "<group>"; };
		EC7263522494BEE300416B0A /* game.app */ = {isa = PBXFileReference; explicitFileType = wrapper.application; includeInIndex = 0; path = game.app; sourceTree = BUILT_PRODUCTS_DIR; };
		EC7263552494BEE300416B0A /* AppDelegate.swift */ = {isa = PBXFileReference; lastKnownFileType = sourcecode.swift; path = AppDelegate.swift; sourceTree = "<group>"; };
		EC7263572494BEE300416B0A /* GameScene.sks */ = {isa = PBXFileReference; lastKnownFileType = file.sks; path = GameScene.sks; sourceTree = "<group>"; };
		EC72635B2494BEE300416B0A /* GameScene.swift */ = {isa = PBXFileReference; lastKnownFileType = sourcecode.swift; path = GameScene.swift; sourceTree = "<group>"; };
		EC72635D2494BEE300416B0A /* GameViewController.swift */ = {isa = PBXFileReference; lastKnownFileType = sourcecode.swift; path = GameViewController.swift; sourceTree = "<group>"; };
		EC7263602494BEE300416B0A /* Base */ = {isa = PBXFileReference; lastKnownFileType = file.storyboard; name = Base; path = Base.lproj/Main.storyboard; sourceTree = "<group>"; };
		EC7263622494BEE400416B0A /* Assets.xcassets */ = {isa = PBXFileReference; lastKnownFileType = folder.assetcatalog; path = Assets.xcassets; sourceTree = "<group>"; };
		EC7263652494BEE400416B0A /* Base */ = {isa = PBXFileReference; lastKnownFileType = file.storyboard; name = Base; path = Base.lproj/LaunchScreen.storyboard; sourceTree = "<group>"; };
		EC7263672494BEE400416B0A /* Info.plist */ = {isa = PBXFileReference; lastKnownFileType = text.plist.xml; path = Info.plist; sourceTree = "<group>"; };
		EC72636C2494BEE400416B0A /* gameTests.xctest */ = {isa = PBXFileReference; explicitFileType = wrapper.cfbundle; includeInIndex = 0; path = gameTests.xctest; sourceTree = BUILT_PRODUCTS_DIR; };
		EC7263702494BEE400416B0A /* gameTests.swift */ = {isa = PBXFileReference; lastKnownFileType = sourcecode.swift; path = gameTests.swift; sourceTree = "<group>"; };
		EC7263722494BEE400416B0A /* Info.plist */ = {isa = PBXFileReference; lastKnownFileType = text.plist.xml; path = Info.plist; sourceTree = "<group>"; };
		EC7263772494BEE400416B0A /* gameUITests.xctest */ = {isa = PBXFileReference; explicitFileType = wrapper.cfbundle; includeInIndex = 0; path = gameUITests.xctest; sourceTree = BUILT_PRODUCTS_DIR; };
		EC72637B2494BEE400416B0A /* gameUITests.swift */ = {isa = PBXFileReference; lastKnownFileType = sourcecode.swift; path = gameUITests.swift; sourceTree = "<group>"; };
		EC72637D2494BEE400416B0A /* Info.plist */ = {isa = PBXFileReference; lastKnownFileType = text.plist.xml; path = Info.plist; sourceTree = "<group>"; };
/* End PBXFileReference section */

/* Begin PBXFrameworksBuildPhase section */
		EC72634F2494BEE300416B0A /* Frameworks */ = {
			isa = PBXFrameworksBuildPhase;
			buildActionMask = 2147483647;
			files = (
			);
			runOnlyForDeploymentPostprocessing = 0;
		};
		EC7263692494BEE400416B0A /* Frameworks */ = {
			isa = PBXFrameworksBuildPhase;
			buildActionMask = 2147483647;
			files = (
			);
			runOnlyForDeploymentPostprocessing = 0;
		};
		EC7263742494BEE400416B0A /* Frameworks */ = {
			isa = PBXFrameworksBuildPhase;
			buildActionMask = 2147483647;
			files = (
			);
			runOnlyForDeploymentPostprocessing = 0;
		};
/* End PBXFrameworksBuildPhase section */

/* Begin PBXGroup section */
		EC7263492494BEE300416B0A = {
			isa = PBXGroup;
			children = (
				EC7263542494BEE300416B0A /* game */,
				EC72636F2494BEE400416B0A /* gameTests */,
				EC72637A2494BEE400416B0A /* gameUITests */,
				EC7263532494BEE300416B0A /* Products */,
			);
			sourceTree = "<group>";
		};
		EC7263532494BEE300416B0A /* Products */ = {
			isa = PBXGroup;
			children = (
				EC7263522494BEE300416B0A /* game.app */,
				EC72636C2494BEE400416B0A /* gameTests.xctest */,
				EC7263772494BEE400416B0A /* gameUITests.xctest */,
			);
			name = Products;
			sourceTree = "<group>";
		};
		EC7263542494BEE300416B0A /* game */ = {
			isa = PBXGroup;
			children = (
				EC7263552494BEE300416B0A /* AppDelegate.swift */,
				EC7263572494BEE300416B0A /* GameScene.sks */,
				EC72635B2494BEE300416B0A /* GameScene.swift */,
				EC72635D2494BEE300416B0A /* GameViewController.swift */,
				EC72635F2494BEE300416B0A /* Main.storyboard */,
				EC7263622494BEE400416B0A /* Assets.xcassets */,
				EC7263642494BEE400416B0A /* LaunchScreen.storyboard */,
				EC7263672494BEE400416B0A /* Info.plist */,
				AEB620CC2496523D00F1489E /* Enemy.swift */,
				AE43199E249719420028DBF0 /* Cloud.swift */,
				AE4319A024974A1A0028DBF0 /* Bullet.swift */,
			);
			path = game;
			sourceTree = "<group>";
		};
		EC72636F2494BEE400416B0A /* gameTests */ = {
			isa = PBXGroup;
			children = (
				EC7263702494BEE400416B0A /* gameTests.swift */,
				EC7263722494BEE400416B0A /* Info.plist */,
			);
			path = gameTests;
			sourceTree = "<group>";
		};
		EC72637A2494BEE400416B0A /* gameUITests */ = {
			isa = PBXGroup;
			children = (
				EC72637B2494BEE400416B0A /* gameUITests.swift */,
				EC72637D2494BEE400416B0A /* Info.plist */,
			);
			path = gameUITests;
			sourceTree = "<group>";
		};
/* End PBXGroup section */

/* Begin PBXNativeTarget section */
		EC7263512494BEE300416B0A /* game */ = {
			isa = PBXNativeTarget;
			buildConfigurationList = EC7263802494BEE400416B0A /* Build configuration list for PBXNativeTarget "game" */;
			buildPhases = (
				EC72634E2494BEE300416B0A /* Sources */,
				EC72634F2494BEE300416B0A /* Frameworks */,
				EC7263502494BEE300416B0A /* Resources */,
			);
			buildRules = (
			);
			dependencies = (
			);
			name = game;
			productName = game;
			productReference = EC7263522494BEE300416B0A /* game.app */;
			productType = "com.apple.product-type.application";
		};
		EC72636B2494BEE400416B0A /* gameTests */ = {
			isa = PBXNativeTarget;
			buildConfigurationList = EC7263832494BEE400416B0A /* Build configuration list for PBXNativeTarget "gameTests" */;
			buildPhases = (
				EC7263682494BEE400416B0A /* Sources */,
				EC7263692494BEE400416B0A /* Frameworks */,
				EC72636A2494BEE400416B0A /* Resources */,
			);
			buildRules = (
			);
			dependencies = (
				EC72636E2494BEE400416B0A /* PBXTargetDependency */,
			);
			name = gameTests;
			productName = gameTests;
			productReference = EC72636C2494BEE400416B0A /* gameTests.xctest */;
			productType = "com.apple.product-type.bundle.unit-test";
		};
		EC7263762494BEE400416B0A /* gameUITests */ = {
			isa = PBXNativeTarget;
			buildConfigurationList = EC7263862494BEE400416B0A /* Build configuration list for PBXNativeTarget "gameUITests" */;
			buildPhases = (
				EC7263732494BEE400416B0A /* Sources */,
				EC7263742494BEE400416B0A /* Frameworks */,
				EC7263752494BEE400416B0A /* Resources */,
			);
			buildRules = (
			);
			dependencies = (
				EC7263792494BEE400416B0A /* PBXTargetDependency */,
			);
			name = gameUITests;
			productName = gameUITests;
			productReference = EC7263772494BEE400416B0A /* gameUITests.xctest */;
			productType = "com.apple.product-type.bundle.ui-testing";
		};
/* End PBXNativeTarget section */

/* Begin PBXProject section */
		EC72634A2494BEE300416B0A /* Project object */ = {
			isa = PBXProject;
			attributes = {
				LastSwiftUpdateCheck = 1150;
				LastUpgradeCheck = 1150;
				ORGANIZATIONNAME = user175949;
				TargetAttributes = {
					EC7263512494BEE300416B0A = {
						CreatedOnToolsVersion = 11.5;
					};
					EC72636B2494BEE400416B0A = {
						CreatedOnToolsVersion = 11.5;
						TestTargetID = EC7263512494BEE300416B0A;
					};
					EC7263762494BEE400416B0A = {
						CreatedOnToolsVersion = 11.5;
						TestTargetID = EC7263512494BEE300416B0A;
					};
				};
			};
			buildConfigurationList = EC72634D2494BEE300416B0A /* Build configuration list for PBXProject "game" */;
			compatibilityVersion = "Xcode 9.3";
			developmentRegion = en;
			hasScannedForEncodings = 0;
			knownRegions = (
				en,
				Base,
			);
			mainGroup = EC7263492494BEE300416B0A;
			productRefGroup = EC7263532494BEE300416B0A /* Products */;
			projectDirPath = "";
			projectRoot = "";
			targets = (
				EC7263512494BEE300416B0A /* game */,
				EC72636B2494BEE400416B0A /* gameTests */,
				EC7263762494BEE400416B0A /* gameUITests */,
			);
		};
/* End PBXProject section */

/* Begin PBXResourcesBuildPhase section */
		EC7263502494BEE300416B0A /* Resources */ = {
			isa = PBXResourcesBuildPhase;
			buildActionMask = 2147483647;
			files = (
				EC7263612494BEE300416B0A /* Main.storyboard in Resources */,
				EC7263582494BEE300416B0A /* GameScene.sks in Resources */,
				EC7263632494BEE400416B0A /* Assets.xcassets in Resources */,
				EC7263662494BEE400416B0A /* LaunchScreen.storyboard in Resources */,
			);
			runOnlyForDeploymentPostprocessing = 0;
		};
		EC72636A2494BEE400416B0A /* Resources */ = {
			isa = PBXResourcesBuildPhase;
			buildActionMask = 2147483647;
			files = (
			);
			runOnlyForDeploymentPostprocessing = 0;
		};
		EC7263752494BEE400416B0A /* Resources */ = {
			isa = PBXResourcesBuildPhase;
			buildActionMask = 2147483647;
			files = (
			);
			runOnlyForDeploymentPostprocessing = 0;
		};
/* End PBXResourcesBuildPhase section */

/* Begin PBXSourcesBuildPhase section */
		EC72634E2494BEE300416B0A /* Sources */ = {
			isa = PBXSourcesBuildPhase;
			buildActionMask = 2147483647;
			files = (
				AE43199F249719420028DBF0 /* Cloud.swift in Sources */,
				AEB620CD2496523D00F1489E /* Enemy.swift in Sources */,
				EC72635C2494BEE300416B0A /* GameScene.swift in Sources */,
				EC72635E2494BEE300416B0A /* GameViewController.swift in Sources */,
				EC7263562494BEE300416B0A /* AppDelegate.swift in Sources */,
				AE4319A124974A1A0028DBF0 /* Bullet.swift in Sources */,
			);
			runOnlyForDeploymentPostprocessing = 0;
		};
		EC7263682494BEE400416B0A /* Sources */ = {
			isa = PBXSourcesBuildPhase;
			buildActionMask = 2147483647;
			files = (
				EC7263712494BEE400416B0A /* gameTests.swift in Sources */,
			);
			runOnlyForDeploymentPostprocessing = 0;
		};
		EC7263732494BEE400416B0A /* Sources */ = {
			isa = PBXSourcesBuildPhase;
			buildActionMask = 2147483647;
			files = (
				EC72637C2494BEE400416B0A /* gameUITests.swift in Sources */,
			);
			runOnlyForDeploymentPostprocessing = 0;
		};
/* End PBXSourcesBuildPhase section */

/* Begin PBXTargetDependency section */
		EC72636E2494BEE400416B0A /* PBXTargetDependency */ = {
			isa = PBXTargetDependency;
			target = EC7263512494BEE300416B0A /* game */;
			targetProxy = EC72636D2494BEE400416B0A /* PBXContainerItemProxy */;
		};
		EC7263792494BEE400416B0A /* PBXTargetDependency */ = {
			isa = PBXTargetDependency;
			target = EC7263512494BEE300416B0A /* game */;
			targetProxy = EC7263782494BEE400416B0A /* PBXContainerItemProxy */;
		};
/* End PBXTargetDependency section */

/* Begin PBXVariantGroup section */
		EC72635F2494BEE300416B0A /* Main.storyboard */ = {
			isa = PBXVariantGroup;
			children = (
				EC7263602494BEE300416B0A /* Base */,
			);
			name = Main.storyboard;
			sourceTree = "<group>";
		};
		EC7263642494BEE400416B0A /* LaunchScreen.storyboard */ = {
			isa = PBXVariantGroup;
			children = (
				EC7263652494BEE400416B0A /* Base */,
			);
			name = LaunchScreen.storyboard;
			sourceTree = "<group>";
		};
/* End PBXVariantGroup section */

/* Begin XCBuildConfiguration section */
		EC72637E2494BEE400416B0A /* Debug */ = {
			isa = XCBuildConfiguration;
			buildSettings = {
				ALWAYS_SEARCH_USER_PATHS = NO;
				CLANG_ANALYZER_NONNULL = YES;
				CLANG_ANALYZER_NUMBER_OBJECT_CONVERSION = YES_AGGRESSIVE;
				CLANG_CXX_LANGUAGE_STANDARD = "gnu++14";
				CLANG_CXX_LIBRARY = "libc++";
				CLANG_ENABLE_MODULES = YES;
				CLANG_ENABLE_OBJC_ARC = YES;
				CLANG_ENABLE_OBJC_WEAK = YES;
				CLANG_WARN_BLOCK_CAPTURE_AUTORELEASING = YES;
				CLANG_WARN_BOOL_CONVERSION = YES;
				CLANG_WARN_COMMA = YES;
				CLANG_WARN_CONSTANT_CONVERSION = YES;
				CLANG_WARN_DEPRECATED_OBJC_IMPLEMENTATIONS = YES;
				CLANG_WARN_DIRECT_OBJC_ISA_USAGE = YES_ERROR;
				CLANG_WARN_DOCUMENTATION_COMMENTS = YES;
				CLANG_WARN_EMPTY_BODY = YES;
				CLANG_WARN_ENUM_CONVERSION = YES;
				CLANG_WARN_INFINITE_RECURSION = YES;
				CLANG_WARN_INT_CONVERSION = YES;
				CLANG_WARN_NON_LITERAL_NULL_CONVERSION = YES;
				CLANG_WARN_OBJC_IMPLICIT_RETAIN_SELF = YES;
				CLANG_WARN_OBJC_LITERAL_CONVERSION = YES;
				CLANG_WARN_OBJC_ROOT_CLASS = YES_ERROR;
				CLANG_WARN_RANGE_LOOP_ANALYSIS = YES;
				CLANG_WARN_STRICT_PROTOTYPES = YES;
				CLANG_WARN_SUSPICIOUS_MOVE = YES;
				CLANG_WARN_UNGUARDED_AVAILABILITY = YES_AGGRESSIVE;
				CLANG_WARN_UNREACHABLE_CODE = YES;
				CLANG_WARN__DUPLICATE_METHOD_MATCH = YES;
				COPY_PHASE_STRIP = NO;
				DEBUG_INFORMATION_FORMAT = dwarf;
				ENABLE_STRICT_OBJC_MSGSEND = YES;
				ENABLE_TESTABILITY = YES;
				GCC_C_LANGUAGE_STANDARD = gnu11;
				GCC_DYNAMIC_NO_PIC = NO;
				GCC_NO_COMMON_BLOCKS = YES;
				GCC_OPTIMIZATION_LEVEL = 0;
				GCC_PREPROCESSOR_DEFINITIONS = (
					"DEBUG=1",
					"$(inherited)",
				);
				GCC_WARN_64_TO_32_BIT_CONVERSION = YES;
				GCC_WARN_ABOUT_RETURN_TYPE = YES_ERROR;
				GCC_WARN_UNDECLARED_SELECTOR = YES;
				GCC_WARN_UNINITIALIZED_AUTOS = YES_AGGRESSIVE;
				GCC_WARN_UNUSED_FUNCTION = YES;
				GCC_WARN_UNUSED_VARIABLE = YES;
				IPHONEOS_DEPLOYMENT_TARGET = 13.5;
				MTL_ENABLE_DEBUG_INFO = INCLUDE_SOURCE;
				MTL_FAST_MATH = YES;
				ONLY_ACTIVE_ARCH = YES;
				SDKROOT = iphoneos;
				SWIFT_ACTIVE_COMPILATION_CONDITIONS = DEBUG;
				SWIFT_OPTIMIZATION_LEVEL = "-Onone";
			};
			name = Debug;
		};
		EC72637F2494BEE400416B0A /* Release */ = {
			isa = XCBuildConfiguration;
			buildSettings = {
				ALWAYS_SEARCH_USER_PATHS = NO;
				CLANG_ANALYZER_NONNULL = YES;
				CLANG_ANALYZER_NUMBER_OBJECT_CONVERSION = YES_AGGRESSIVE;
				CLANG_CXX_LANGUAGE_STANDARD = "gnu++14";
				CLANG_CXX_LIBRARY = "libc++";
				CLANG_ENABLE_MODULES = YES;
				CLANG_ENABLE_OBJC_ARC = YES;
				CLANG_ENABLE_OBJC_WEAK = YES;
				CLANG_WARN_BLOCK_CAPTURE_AUTORELEASING = YES;
				CLANG_WARN_BOOL_CONVERSION = YES;
				CLANG_WARN_COMMA = YES;
				CLANG_WARN_CONSTANT_CONVERSION = YES;
				CLANG_WARN_DEPRECATED_OBJC_IMPLEMENTATIONS = YES;
				CLANG_WARN_DIRECT_OBJC_ISA_USAGE = YES_ERROR;
				CLANG_WARN_DOCUMENTATION_COMMENTS = YES;
				CLANG_WARN_EMPTY_BODY = YES;
				CLANG_WARN_ENUM_CONVERSION = YES;
				CLANG_WARN_INFINITE_RECURSION = YES;
				CLANG_WARN_INT_CONVERSION = YES;
				CLANG_WARN_NON_LITERAL_NULL_CONVERSION = YES;
				CLANG_WARN_OBJC_IMPLICIT_RETAIN_SELF = YES;
				CLANG_WARN_OBJC_LITERAL_CONVERSION = YES;
				CLANG_WARN_OBJC_ROOT_CLASS = YES_ERROR;
				CLANG_WARN_RANGE_LOOP_ANALYSIS = YES;
				CLANG_WARN_STRICT_PROTOTYPES = YES;
				CLANG_WARN_SUSPICIOUS_MOVE = YES;
				CLANG_WARN_UNGUARDED_AVAILABILITY = YES_AGGRESSIVE;
				CLANG_WARN_UNREACHABLE_CODE = YES;
				CLANG_WARN__DUPLICATE_METHOD_MATCH = YES;
				COPY_PHASE_STRIP = NO;
				DEBUG_INFORMATION_FORMAT = "dwarf-with-dsym";
				ENABLE_NS_ASSERTIONS = NO;
				ENABLE_STRICT_OBJC_MSGSEND = YES;
				GCC_C_LANGUAGE_STANDARD = gnu11;
				GCC_NO_COMMON_BLOCKS = YES;
				GCC_WARN_64_TO_32_BIT_CONVERSION = YES;
				GCC_WARN_ABOUT_RETURN_TYPE = YES_ERROR;
				GCC_WARN_UNDECLARED_SELECTOR = YES;
				GCC_WARN_UNINITIALIZED_AUTOS = YES_AGGRESSIVE;
				GCC_WARN_UNUSED_FUNCTION = YES;
				GCC_WARN_UNUSED_VARIABLE = YES;
				IPHONEOS_DEPLOYMENT_TARGET = 13.5;
				MTL_ENABLE_DEBUG_INFO = NO;
				MTL_FAST_MATH = YES;
				SDKROOT = iphoneos;
				SWIFT_COMPILATION_MODE = wholemodule;
				SWIFT_OPTIMIZATION_LEVEL = "-O";
				VALIDATE_PRODUCT = YES;
			};
			name = Release;
		};
		EC7263812494BEE400416B0A /* Debug */ = {
			isa = XCBuildConfiguration;
			buildSettings = {
				ASSETCATALOG_COMPILER_APPICON_NAME = AppIcon;
				CODE_SIGN_STYLE = Automatic;
				INFOPLIST_FILE = game/Info.plist;
				LD_RUNPATH_SEARCH_PATHS = (
					"$(inherited)",
					"@executable_path/Frameworks",
				);
				PRODUCT_BUNDLE_IDENTIFIER = com.test.me.game;
				PRODUCT_NAME = "$(TARGET_NAME)";
				SWIFT_VERSION = 5.0;
				TARGETED_DEVICE_FAMILY = "1,2";
			};
			name = Debug;
		};
		EC7263822494BEE400416B0A /* Release */ = {
			isa = XCBuildConfiguration;
			buildSettings = {
				ASSETCATALOG_COMPILER_APPICON_NAME = AppIcon;
				CODE_SIGN_STYLE = Automatic;
				INFOPLIST_FILE = game/Info.plist;
				LD_RUNPATH_SEARCH_PATHS = (
					"$(inherited)",
					"@executable_path/Frameworks",
				);
				PRODUCT_BUNDLE_IDENTIFIER = com.test.me.game;
				PRODUCT_NAME = "$(TARGET_NAME)";
				SWIFT_VERSION = 5.0;
				TARGETED_DEVICE_FAMILY = "1,2";
			};
			name = Release;
		};
		EC7263842494BEE400416B0A /* Debug */ = {
			isa = XCBuildConfiguration;
			buildSettings = {
				ALWAYS_EMBED_SWIFT_STANDARD_LIBRARIES = YES;
				BUNDLE_LOADER = "$(TEST_HOST)";
				CODE_SIGN_STYLE = Automatic;
				INFOPLIST_FILE = gameTests/Info.plist;
				IPHONEOS_DEPLOYMENT_TARGET = 13.5;
				LD_RUNPATH_SEARCH_PATHS = (
					"$(inherited)",
					"@executable_path/Frameworks",
					"@loader_path/Frameworks",
				);
				PRODUCT_BUNDLE_IDENTIFIER = com.test.me.gameTests;
				PRODUCT_NAME = "$(TARGET_NAME)";
				SWIFT_VERSION = 5.0;
				TARGETED_DEVICE_FAMILY = "1,2";
				TEST_HOST = "$(BUILT_PRODUCTS_DIR)/game.app/game";
			};
			name = Debug;
		};
		EC7263852494BEE400416B0A /* Release */ = {
			isa = XCBuildConfiguration;
			buildSettings = {
				ALWAYS_EMBED_SWIFT_STANDARD_LIBRARIES = YES;
				BUNDLE_LOADER = "$(TEST_HOST)";
				CODE_SIGN_STYLE = Automatic;
				INFOPLIST_FILE = gameTests/Info.plist;
				IPHONEOS_DEPLOYMENT_TARGET = 13.5;
				LD_RUNPATH_SEARCH_PATHS = (
					"$(inherited)",
					"@executable_path/Frameworks",
					"@loader_path/Frameworks",
				);
				PRODUCT_BUNDLE_IDENTIFIER = com.test.me.gameTests;
				PRODUCT_NAME = "$(TARGET_NAME)";
				SWIFT_VERSION = 5.0;
				TARGETED_DEVICE_FAMILY = "1,2";
				TEST_HOST = "$(BUILT_PRODUCTS_DIR)/game.app/game";
			};
			name = Release;
		};
		EC7263872494BEE400416B0A /* Debug */ = {
			isa = XCBuildConfiguration;
			buildSettings = {
				ALWAYS_EMBED_SWIFT_STANDARD_LIBRARIES = YES;
				CODE_SIGN_STYLE = Automatic;
				INFOPLIST_FILE = gameUITests/Info.plist;
				LD_RUNPATH_SEARCH_PATHS = (
					"$(inherited)",
					"@executable_path/Frameworks",
					"@loader_path/Frameworks",
				);
				PRODUCT_BUNDLE_IDENTIFIER = com.test.me.gameUITests;
				PRODUCT_NAME = "$(TARGET_NAME)";
				SWIFT_VERSION = 5.0;
				TARGETED_DEVICE_FAMILY = "1,2";
				TEST_TARGET_NAME = game;
			};
			name = Debug;
		};
		EC7263882494BEE400416B0A /* Release */ = {
			isa = XCBuildConfiguration;
			buildSettings = {
				ALWAYS_EMBED_SWIFT_STANDARD_LIBRARIES = YES;
				CODE_SIGN_STYLE = Automatic;
				INFOPLIST_FILE = gameUITests/Info.plist;
				LD_RUNPATH_SEARCH_PATHS = (
					"$(inherited)",
					"@executable_path/Frameworks",
					"@loader_path/Frameworks",
				);
				PRODUCT_BUNDLE_IDENTIFIER = com.test.me.gameUITests;
				PRODUCT_NAME = "$(TARGET_NAME)";
				SWIFT_VERSION = 5.0;
				TARGETED_DEVICE_FAMILY = "1,2";
				TEST_TARGET_NAME = game;
			};
			name = Release;
		};
/* End XCBuildConfiguration section */

/* Begin XCConfigurationList section */
		EC72634D2494BEE300416B0A /* Build configuration list for PBXProject "game" */ = {
			isa = XCConfigurationList;
			buildConfigurations = (
				EC72637E2494BEE400416B0A /* Debug */,
				EC72637F2494BEE400416B0A /* Release */,
			);
			defaultConfigurationIsVisible = 0;
			defaultConfigurationName = Release;
		};
		EC7263802494BEE400416B0A /* Build configuration list for PBXNativeTarget "game" */ = {
			isa = XCConfigurationList;
			buildConfigurations = (
				EC7263812494BEE400416B0A /* Debug */,
				EC7263822494BEE400416B0A /* Release */,
			);
			defaultConfigurationIsVisible = 0;
			defaultConfigurationName = Release;
		};
		EC7263832494BEE400416B0A /* Build configuration list for PBXNativeTarget "gameTests" */ = {
			isa = XCConfigurationList;
			buildConfigurations = (
				EC7263842494BEE400416B0A /* Debug */,
				EC7263852494BEE400416B0A /* Release */,
			);
			defaultConfigurationIsVisible = 0;
			defaultConfigurationName = Release;
		};
		EC7263862494BEE400416B0A /* Build configuration list for PBXNativeTarget "gameUITests" */ = {
			isa = XCConfigurationList;
			buildConfigurations = (
				EC7263872494BEE400416B0A /* Debug */,
				EC7263882494BEE400416B0A /* Release */,
			);
			defaultConfigurationIsVisible = 0;
			defaultConfigurationName = Release;
		};
/* End XCConfigurationList section */
	};
	rootObject = EC72634A2494BEE300416B0A /* Project object */;
}
